
Microsoft Visual Studio Solution File, Format Version 12.00
# Visual Studio 15
VisualStudioVersion = 15.0.28010.2036
MinimumVisualStudioVersion = 10.0.40219.1
Project("{FAE04EC0-301F-11D3-BF4B-00C04F79EFBC}") = "BandsApp", "BandsApp\BandsApp.csproj", "{6AB61AD4-2B9F-40AD-ABDB-9A2BC38BEBC2}"
EndProject
Global
	GlobalSection(SolutionConfigurationPlatforms) = preSolution
		Debug|Any CPU = Debug|Any CPU
		Release|Any CPU = Release|Any CPU
	EndGlobalSection
	GlobalSection(ProjectConfigurationPlatforms) = postSolution
		{6AB61AD4-2B9F-40AD-ABDB-9A2BC38BEBC2}.Debug|Any CPU.ActiveCfg = Debug|Any CPU
		{6AB61AD4-2B9F-40AD-ABDB-9A2BC38BEBC2}.Debug|Any CPU.Build.0 = Debug|Any CPU
		{6AB61AD4-2B9F-40AD-ABDB-9A2BC38BEBC2}.Release|Any CPU.ActiveCfg = Release|Any CPU
		{6AB61AD4-2B9F-40AD-ABDB-9A2BC38BEBC2}.Release|Any CPU.Build.0 = Release|Any CPU
	EndGlobalSection
	GlobalSection(SolutionProperties) = preSolution
		HideSolutionNode = FALSE
	EndGlobalSection
	GlobalSection(ExtensibilityGlobals) = postSolution
		SolutionGuid = {DBAA61FD-7A63-4F12-B853-16A94B46C9F3}
	EndGlobalSection
EndGlobal
